Microsoft Visual Studio Solution File, Format Version 12.00
# Visual Studio Version 17
VisualStudioVersion = 17.5.2.0
MinimumVisualStudioVersion = 10.0.40219.1
Project("{FAE04EC0-301F-11D3-BF4B-00C04F79EFBC}") = "ProjetoEstoque", "ProjetoEstoque.csproj", "{CC2B387F-ADAF-D2F3-5415-5A2F72A4B525}"
EndProject
Global
	GlobalSection(SolutionConfigurationPlatforms) = preSolution
		Debug|Any CPU = Debug|Any CPU
		Release|Any CPU = Release|Any CPU
	EndGlobalSection
	GlobalSection(ProjectConfigurationPlatforms) = postSolution
		{CC2B387F-ADAF-D2F3-5415-5A2F72A4B525}.Debug|Any CPU.ActiveCfg = Debug|Any CPU
		{CC2B387F-ADAF-D2F3-5415-5A2F72A4B525}.Debug|Any CPU.Build.0 = Debug|Any CPU
		{CC2B387F-ADAF-D2F3-5415-5A2F72A4B525}.Release|Any CPU.ActiveCfg = Release|Any CPU
		{CC2B387F-ADAF-D2F3-5415-5A2F72A4B525}.Release|Any CPU.Build.0 = Release|Any CPU
	EndGlobalSection
	GlobalSection(SolutionProperties) = preSolution
		HideSolutionNode = FALSE
	EndGlobalSection
	GlobalSection(ExtensibilityGlobals) = postSolution
		SolutionGuid = {1CBFD42C-D513-48CE-9725-A80C05700AEC}
	EndGlobalSection
EndGlobal
